
Microsoft Visual Studio Solution File, Format Version 12.00
# Visual Studio Version 16
VisualStudioVersion = 16.0.30114.105
MinimumVisualStudioVersion = 10.0.40219.1
Project("{FAE04EC0-301F-11D3-BF4B-00C04F79EFBC}") = "Api", "Api\Api.csproj", "{47E72FB9-259E-4963-B810-2A0ADE8D1116}"
EndProject
Project("{FAE04EC0-301F-11D3-BF4B-00C04F79EFBC}") = "Domain", "Domain\Domain.csproj", "{425C4C9C-A0E4-4BBE-BF0C-772816C72284}"
EndProject
Project("{FAE04EC0-301F-11D3-BF4B-00C04F79EFBC}") = "DataAccess", "DataAccess\DataAccess.csproj", "{805A5CB3-ED23-4FA9-B61F-C7D4BECF404C}"
EndProject
Global
	GlobalSection(SolutionConfigurationPlatforms) = preSolution
		Debug|Any CPU = Debug|Any CPU
		Release|Any CPU = Release|Any CPU
	EndGlobalSection
	GlobalSection(SolutionProperties) = preSolution
		HideSolutionNode = FALSE
	EndGlobalSection
	GlobalSection(ProjectConfigurationPlatforms) = postSolution
		{6C37BED8-473E-4229-B75E-45F26E9F4AA8}.Debug|Any CPU.ActiveCfg = Debug|Any CPU
		{6C37BED8-473E-4229-B75E-45F26E9F4AA8}.Debug|Any CPU.Build.0 = Debug|Any CPU
		{6C37BED8-473E-4229-B75E-45F26E9F4AA8}.Release|Any CPU.ActiveCfg = Release|Any CPU
		{6C37BED8-473E-4229-B75E-45F26E9F4AA8}.Release|Any CPU.Build.0 = Release|Any CPU
		{47E72FB9-259E-4963-B810-2A0ADE8D1116}.Debug|Any CPU.ActiveCfg = Debug|Any CPU
		{47E72FB9-259E-4963-B810-2A0ADE8D1116}.Debug|Any CPU.Build.0 = Debug|Any CPU
		{47E72FB9-259E-4963-B810-2A0ADE8D1116}.Release|Any CPU.ActiveCfg = Release|Any CPU
		{47E72FB9-259E-4963-B810-2A0ADE8D1116}.Release|Any CPU.Build.0 = Release|Any CPU
		{425C4C9C-A0E4-4BBE-BF0C-772816C72284}.Debug|Any CPU.ActiveCfg = Debug|Any CPU
		{425C4C9C-A0E4-4BBE-BF0C-772816C72284}.Debug|Any CPU.Build.0 = Debug|Any CPU
		{425C4C9C-A0E4-4BBE-BF0C-772816C72284}.Release|Any CPU.ActiveCfg = Release|Any CPU
		{425C4C9C-A0E4-4BBE-BF0C-772816C72284}.Release|Any CPU.Build.0 = Release|Any CPU
		{805A5CB3-ED23-4FA9-B61F-C7D4BECF404C}.Debug|Any CPU.ActiveCfg = Debug|Any CPU
		{805A5CB3-ED23-4FA9-B61F-C7D4BECF404C}.Debug|Any CPU.Build.0 = Debug|Any CPU
		{805A5CB3-ED23-4FA9-B61F-C7D4BECF404C}.Release|Any CPU.ActiveCfg = Release|Any CPU
		{805A5CB3-ED23-4FA9-B61F-C7D4BECF404C}.Release|Any CPU.Build.0 = Release|Any CPU
	EndGlobalSection
EndGlobal
